
Microsoft Visual Studio Solution File, Format Version 12.00
# Visual Studio Version 16
VisualStudioVersion = 16.0.28803.202
MinimumVisualStudioVersion = 10.0.40219.1
Project("{FAE04EC0-301F-11D3-BF4B-00C04F79EFBC}") = "DBankModel2", "DBankModel2\DBankModel2.csproj", "{561D443F-59CC-4576-A43E-241BE951EE59}"
EndProject
Global
	GlobalSection(SolutionConfigurationPlatforms) = preSolution
		Debug|Any CPU = Debug|Any CPU
		Release|Any CPU = Release|Any CPU
	EndGlobalSection
	GlobalSection(ProjectConfigurationPlatforms) = postSolution
		{561D443F-59CC-4576-A43E-241BE951EE59}.Debug|Any CPU.ActiveCfg = Debug|Any CPU
		{561D443F-59CC-4576-A43E-241BE951EE59}.Debug|Any CPU.Build.0 = Debug|Any CPU
		{561D443F-59CC-4576-A43E-241BE951EE59}.Release|Any CPU.ActiveCfg = Release|Any CPU
		{561D443F-59CC-4576-A43E-241BE951EE59}.Release|Any CPU.Build.0 = Release|Any CPU
	EndGlobalSection
	GlobalSection(SolutionProperties) = preSolution
		HideSolutionNode = FALSE
	EndGlobalSection
	GlobalSection(ExtensibilityGlobals) = postSolution
		SolutionGuid = {D840375C-29DD-49D6-A942-FF1E6738B7A6}
	EndGlobalSection
EndGlobal
